
Microsoft Visual Studio Solution File, Format Version 12.00
# Visual Studio Version 17
VisualStudioVersion = 17.5.002.0
MinimumVisualStudioVersion = 10.0.40219.1
Project("{9A19103F-16F7-4668-BE54-9A1E7A4F7556}") = "online_ClothStore", "online_ClothStore.csproj", "{6EAFBFE9-8511-401C-92D9-0D400AC00BCE}"
EndProject
Global
	GlobalSection(SolutionConfigurationPlatforms) = preSolution
		Debug|Any CPU = Debug|Any CPU
		Release|Any CPU = Release|Any CPU
	EndGlobalSection
	GlobalSection(ProjectConfigurationPlatforms) = postSolution
		{6EAFBFE9-8511-401C-92D9-0D400AC00BCE}.Debug|Any CPU.ActiveCfg = Debug|Any CPU
		{6EAFBFE9-8511-401C-92D9-0D400AC00BCE}.Debug|Any CPU.Build.0 = Debug|Any CPU
		{6EAFBFE9-8511-401C-92D9-0D400AC00BCE}.Release|Any CPU.ActiveCfg = Release|Any CPU
		{6EAFBFE9-8511-401C-92D9-0D400AC00BCE}.Release|Any CPU.Build.0 = Release|Any CPU
	EndGlobalSection
	GlobalSection(SolutionProperties) = preSolution
		HideSolutionNode = FALSE
	EndGlobalSection
	GlobalSection(ExtensibilityGlobals) = postSolution
		SolutionGuid = {D699A3FF-6F08-463C-9188-E61712D8ED76}
	EndGlobalSection
EndGlobal
